// !$*UTF8*$!
{
	archiveVersion = 1;
	classes = {
	};
	objectVersion = 50;
	objects = {

/* Begin PBXBuildFile section */
		2574E079213F64CD00D87F60 /* AppDelegate.swift in Sources */ = {isa = PBXBuildFile; fileRef = 2574E078213F64CD00D87F60 /* AppDelegate.swift */; };
		2574E07B213F64CE00D87F60 /* Assets.xcassets in Resources */ = {isa = PBXBuildFile; fileRef = 2574E07A213F64CE00D87F60 /* Assets.xcassets */; };
		2574E07E213F64CE00D87F60 /* MainMenu.xib in Resources */ = {isa = PBXBuildFile; fileRef = 2574E07C213F64CE00D87F60 /* MainMenu.xib */; };
		2574E08A213F64CE00D87F60 /* FractionCalculatorTests.swift in Sources */ = {isa = PBXBuildFile; fileRef = 2574E089213F64CE00D87F60 /* FractionCalculatorTests.swift */; };
		2574E095213F64CE00D87F60 /* FractionCalculatorUITests.swift in Sources */ = {isa = PBXBuildFile; fileRef = 2574E094213F64CE00D87F60 /* FractionCalculatorUITests.swift */; };
		2574E0A5213F6C6800D87F60 /* Parser.swift in Sources */ = {isa = PBXBuildFile; fileRef = 2574E0A3213F6C6800D87F60 /* Parser.swift */; };
		2574E0A7213F75E300D87F60 /* Fraction.swift in Sources */ = {isa = PBXBuildFile; fileRef = 2574E0A6213F75E300D87F60 /* Fraction.swift */; };
/* End PBXBuildFile section */

/* Begin PBXContainerItemProxy section */
		2574E086213F64CE00D87F60 /* PBXContainerItemProxy */ = {
			isa = PBXContainerItemProxy;
			containerPortal = 2574E06D213F64CD00D87F60 /* Project object */;
			proxyType = 1;
			remoteGlobalIDString = 2574E074213F64CD00D87F60;
			remoteInfo = FractionCalculator;
		};
		2574E091213F64CE00D87F60 /* PBXContainerItemProxy */ = {
			isa = PBXContainerItemProxy;
			containerPortal = 2574E06D213F64CD00D87F60 /* Project object */;
			proxyType = 1;
			remoteGlobalIDString = 2574E074213F64CD00D87F60;
			remoteInfo = FractionCalculator;
		};
/* End PBXContainerItemProxy section */

/* Begin PBXFileReference section */
		2574E075213F64CD00D87F60 /* FractionCalculator.app */ = {isa = PBXFileReference; explicitFileType = wrapper.application; includeInIndex = 0; path = FractionCalculator.app; sourceTree = BUILT_PRODUCTS_DIR; };
		2574E078213F64CD00D87F60 /* AppDelegate.swift */ = {isa = PBXFileReference; lastKnownFileType = sourcecode.swift; path = AppDelegate.swift; sourceTree = "<group>"; };
		2574E07A213F64CE00D87F60 /* Assets.xcassets */ = {isa = PBXFileReference; lastKnownFileType = folder.assetcatalog; path = Assets.xcassets; sourceTree = "<group>"; };
		2574E07D213F64CE00D87F60 /* Base */ = {isa = PBXFileReference; lastKnownFileType = file.xib; name = Base; path = Base.lproj/MainMenu.xib; sourceTree = "<group>"; };
		2574E07F213F64CE00D87F60 /* Info.plist */ = {isa = PBXFileReference; lastKnownFileType = text.plist.xml; path = Info.plist; sourceTree = "<group>"; };
		2574E080213F64CE00D87F60 /* FractionCalculator.entitlements */ = {isa = PBXFileReference; lastKnownFileType = text.plist.entitlements; path = FractionCalculator.entitlements; sourceTree = "<group>"; };
		2574E085213F64CE00D87F60 /* FractionCalculatorTests.xctest */ = {isa = PBXFileReference; explicitFileType = wrapper.cfbundle; includeInIndex = 0; path = FractionCalculatorTests.xctest; sourceTree = BUILT_PRODUCTS_DIR; };
		2574E089213F64CE00D87F60 /* FractionCalculatorTests.swift */ = {isa = PBXFileReference; lastKnownFileType = sourcecode.swift; path = FractionCalculatorTests.swift; sourceTree = "<group>"; };
		2574E08B213F64CE00D87F60 /* Info.plist */ = {isa = PBXFileReference; lastKnownFileType = text.plist.xml; path = Info.plist; sourceTree = "<group>"; };
		2574E090213F64CE00D87F60 /* FractionCalculatorUITests.xctest */ = {isa = PBXFileReference; explicitFileType = wrapper.cfbundle; includeInIndex = 0; path = FractionCalculatorUITests.xctest; sourceTree = BUILT_PRODUCTS_DIR; };
		2574E094213F64CE00D87F60 /* FractionCalculatorUITests.swift */ = {isa = PBXFileReference; lastKnownFileType = sourcecode.swift; path = FractionCalculatorUITests.swift; sourceTree = "<group>"; };
		2574E096213F64CE00D87F60 /* Info.plist */ = {isa = PBXFileReference; lastKnownFileType = text.plist.xml; path = Info.plist; sourceTree = "<group>"; };
		2574E0A3213F6C6800D87F60 /* Parser.swift */ = {isa = PBXFileReference; fileEncoding = 4; lastKnownFileType = sourcecode.swift; path = Parser.swift; sourceTree = "<group>"; };
		2574E0A6213F75E300D87F60 /* Fraction.swift */ = {isa = PBXFileReference; fileEncoding = 4; lastKnownFileType = sourcecode.swift; path = Fraction.swift; sourceTree = "<group>"; };
/* End PBXFileReference section */

/* Begin PBXFrameworksBuildPhase section */
		2574E072213F64CD00D87F60 /* Frameworks */ = {
			isa = PBXFrameworksBuildPhase;
			buildActionMask = 2147483647;
			files = (
			);
			runOnlyForDeploymentPostprocessing = 0;
		};
		2574E082213F64CE00D87F60 /* Frameworks */ = {
			isa = PBXFrameworksBuildPhase;
			buildActionMask = 2147483647;
			files = (
			);
			runOnlyForDeploymentPostprocessing = 0;
		};
		2574E08D213F64CE00D87F60 /* Frameworks */ = {
			isa = PBXFrameworksBuildPhase;
			buildActionMask = 2147483647;
			files = (
			);
			runOnlyForDeploymentPostprocessing = 0;
		};
/* End PBXFrameworksBuildPhase section */

/* Begin PBXGroup section */
		2574E06C213F64CD00D87F60 = {
			isa = PBXGroup;
			children = (
				2574E077213F64CD00D87F60 /* FractionCalculator */,
				2574E088213F64CE00D87F60 /* FractionCalculatorTests */,
				2574E093213F64CE00D87F60 /* FractionCalculatorUITests */,
				2574E076213F64CD00D87F60 /* Products */,
			);
			sourceTree = "<group>";
		};
		2574E076213F64CD00D87F60 /* Products */ = {
			isa = PBXGroup;
			children = (
				2574E075213F64CD00D87F60 /* FractionCalculator.app */,
				2574E085213F64CE00D87F60 /* FractionCalculatorTests.xctest */,
				2574E090213F64CE00D87F60 /* FractionCalculatorUITests.xctest */,
			);
			name = Products;
			sourceTree = "<group>";
		};
		2574E077213F64CD00D87F60 /* FractionCalculator */ = {
			isa = PBXGroup;
			children = (
				2574E0A6213F75E300D87F60 /* Fraction.swift */,
				2574E0A3213F6C6800D87F60 /* Parser.swift */,
				2574E078213F64CD00D87F60 /* AppDelegate.swift */,
				2574E07A213F64CE00D87F60 /* Assets.xcassets */,
				2574E07C213F64CE00D87F60 /* MainMenu.xib */,
				2574E07F213F64CE00D87F60 /* Info.plist */,
				2574E080213F64CE00D87F60 /* FractionCalculator.entitlements */,
			);
			path = FractionCalculator;
			sourceTree = "<group>";
		};
		2574E088213F64CE00D87F60 /* FractionCalculatorTests */ = {
			isa = PBXGroup;
			children = (
				2574E089213F64CE00D87F60 /* FractionCalculatorTests.swift */,
				2574E08B213F64CE00D87F60 /* Info.plist */,
			);
			path = FractionCalculatorTests;
			sourceTree = "<group>";
		};
		2574E093213F64CE00D87F60 /* FractionCalculatorUITests */ = {
			isa = PBXGroup;
			children = (
				2574E094213F64CE00D87F60 /* FractionCalculatorUITests.swift */,
				2574E096213F64CE00D87F60 /* Info.plist */,
			);
			path = FractionCalculatorUITests;
			sourceTree = "<group>";
		};
/* End PBXGroup section */

/* Begin PBXNativeTarget section */
		2574E074213F64CD00D87F60 /* FractionCalculator */ = {
			isa = PBXNativeTarget;
			buildConfigurationList = 2574E099213F64CE00D87F60 /* Build configuration list for PBXNativeTarget "FractionCalculator" */;
			buildPhases = (
				2574E071213F64CD00D87F60 /* Sources */,
				2574E072213F64CD00D87F60 /* Frameworks */,
				2574E073213F64CD00D87F60 /* Resources */,
			);
			buildRules = (
			);
			dependencies = (
			);
			name = FractionCalculator;
			productName = FractionCalculator;
			productReference = 2574E075213F64CD00D87F60 /* FractionCalculator.app */;
			productType = "com.apple.product-type.application";
		};
		2574E084213F64CE00D87F60 /* FractionCalculatorTests */ = {
			isa = PBXNativeTarget;
			buildConfigurationList = 2574E09C213F64CE00D87F60 /* Build configuration list for PBXNativeTarget "FractionCalculatorTests" */;
			buildPhases = (
				2574E081213F64CE00D87F60 /* Sources */,
				2574E082213F64CE00D87F60 /* Frameworks */,
				2574E083213F64CE00D87F60 /* Resources */,
			);
			buildRules = (
			);
			dependencies = (
				2574E087213F64CE00D87F60 /* PBXTargetDependency */,
			);
			name = FractionCalculatorTests;
			productName = FractionCalculatorTests;
			productReference = 2574E085213F64CE00D87F60 /* FractionCalculatorTests.xctest */;
			productType = "com.apple.product-type.bundle.unit-test";
		};
		2574E08F213F64CE00D87F60 /* FractionCalculatorUITests */ = {
			isa = PBXNativeTarget;
			buildConfigurationList = 2574E09F213F64CE00D87F60 /* Build configuration list for PBXNativeTarget "FractionCalculatorUITests" */;
			buildPhases = (
				2574E08C213F64CE00D87F60 /* Sources */,
				2574E08D213F64CE00D87F60 /* Frameworks */,
				2574E08E213F64CE00D87F60 /* Resources */,
			);
			buildRules = (
			);
			dependencies = (
				2574E092213F64CE00D87F60 /* PBXTargetDependency */,
			);
			name = FractionCalculatorUITests;
			productName = FractionCalculatorUITests;
			productReference = 2574E090213F64CE00D87F60 /* FractionCalculatorUITests.xctest */;
			productType = "com.apple.product-type.bundle.ui-testing";
		};
/* End PBXNativeTarget section */

/* Begin PBXProject section */
		2574E06D213F64CD00D87F60 /* Project object */ = {
			isa = PBXProject;
			attributes = {
				LastSwiftUpdateCheck = 0940;
				LastUpgradeCheck = 0940;
				ORGANIZATIONNAME = "Sweta Kumari";
				TargetAttributes = {
					2574E074213F64CD00D87F60 = {
						CreatedOnToolsVersion = 9.4.1;
					};
					2574E084213F64CE00D87F60 = {
						CreatedOnToolsVersion = 9.4.1;
						TestTargetID = 2574E074213F64CD00D87F60;
					};
					2574E08F213F64CE00D87F60 = {
						CreatedOnToolsVersion = 9.4.1;
						TestTargetID = 2574E074213F64CD00D87F60;
					};
				};
			};
			buildConfigurationList = 2574E070213F64CD00D87F60 /* Build configuration list for PBXProject "FractionCalculator" */;
			compatibilityVersion = "Xcode 9.3";
			developmentRegion = en;
			hasScannedForEncodings = 0;
			knownRegions = (
				en,
				Base,
			);
			mainGroup = 2574E06C213F64CD00D87F60;
			productRefGroup = 2574E076213F64CD00D87F60 /* Products */;
			projectDirPath = "";
			projectRoot = "";
			targets = (
				2574E074213F64CD00D87F60 /* FractionCalculator */,
				2574E084213F64CE00D87F60 /* FractionCalculatorTests */,
				2574E08F213F64CE00D87F60 /* FractionCalculatorUITests */,
			);
		};
/* End PBXProject section */

/* Begin PBXResourcesBuildPhase section */
		2574E073213F64CD00D87F60 /* Resources */ = {
			isa = PBXResourcesBuildPhase;
			buildActionMask = 2147483647;
			files = (
				2574E07B213F64CE00D87F60 /* Assets.xcassets in Resources */,
				2574E07E213F64CE00D87F60 /* MainMenu.xib in Resources */,
			);
			runOnlyForDeploymentPostprocessing = 0;
		};
		2574E083213F64CE00D87F60 /* Resources */ = {
			isa = PBXResourcesBuildPhase;
			buildActionMask = 2147483647;
			files = (
			);
			runOnlyForDeploymentPostprocessing = 0;
		};
		2574E08E213F64CE00D87F60 /* Resources */ = {
			isa = PBXResourcesBuildPhase;
			buildActionMask = 2147483647;
			files = (
			);
			runOnlyForDeploymentPostprocessing = 0;
		};
/* End PBXResourcesBuildPhase section */

/* Begin PBXSourcesBuildPhase section */
		2574E071213F64CD00D87F60 /* Sources */ = {
			isa = PBXSourcesBuildPhase;
			buildActionMask = 2147483647;
			files = (
				2574E0A7213F75E300D87F60 /* Fraction.swift in Sources */,
				2574E079213F64CD00D87F60 /* AppDelegate.swift in Sources */,
				2574E0A5213F6C6800D87F60 /* Parser.swift in Sources */,
			);
			runOnlyForDeploymentPostprocessing = 0;
		};
		2574E081213F64CE00D87F60 /* Sources */ = {
			isa = PBXSourcesBuildPhase;
			buildActionMask = 2147483647;
			files = (
				2574E08A213F64CE00D87F60 /* FractionCalculatorTests.swift in Sources */,
			);
			runOnlyForDeploymentPostprocessing = 0;
		};
		2574E08C213F64CE00D87F60 /* Sources */ = {
			isa = PBXSourcesBuildPhase;
			buildActionMask = 2147483647;
			files = (
				2574E095213F64CE00D87F60 /* FractionCalculatorUITests.swift in Sources */,
			);
			runOnlyForDeploymentPostprocessing = 0;
		};
/* End PBXSourcesBuildPhase section */

/* Begin PBXTargetDependency section */
		2574E087213F64CE00D87F60 /* PBXTargetDependency */ = {
			isa = PBXTargetDependency;
			target = 2574E074213F64CD00D87F60 /* FractionCalculator */;
			targetProxy = 2574E086213F64CE00D87F60 /* PBXContainerItemProxy */;
		};
		2574E092213F64CE00D87F60 /* PBXTargetDependency */ = {
			isa = PBXTargetDependency;
			target = 2574E074213F64CD00D87F60 /* FractionCalculator */;
			targetProxy = 2574E091213F64CE00D87F60 /* PBXContainerItemProxy */;
		};
/* End PBXTargetDependency section */

/* Begin PBXVariantGroup section */
		2574E07C213F64CE00D87F60 /* MainMenu.xib */ = {
			isa = PBXVariantGroup;
			children = (
				2574E07D213F64CE00D87F60 /* Base */,
			);
			name = MainMenu.xib;
			sourceTree = "<group>";
		};
/* End PBXVariantGroup section */

/* Begin XCBuildConfiguration section */
		2574E097213F64CE00D87F60 /* Debug */ = {
			isa = XCBuildConfiguration;
			buildSettings = {
				ALWAYS_SEARCH_USER_PATHS = NO;
				CLANG_ANALYZER_NONNULL = YES;
				CLANG_ANALYZER_NUMBER_OBJECT_CONVERSION = YES_AGGRESSIVE;
				CLANG_CXX_LANGUAGE_STANDARD = "gnu++14";
				CLANG_CXX_LIBRARY = "libc++";
				CLANG_ENABLE_MODULES = YES;
				CLANG_ENABLE_OBJC_ARC = YES;
				CLANG_ENABLE_OBJC_WEAK = YES;
				CLANG_WARN_BLOCK_CAPTURE_AUTORELEASING = YES;
				CLANG_WARN_BOOL_CONVERSION = YES;
				CLANG_WARN_COMMA = YES;
				CLANG_WARN_CONSTANT_CONVERSION = YES;
				CLANG_WARN_DEPRECATED_OBJC_IMPLEMENTATIONS = YES;
				CLANG_WARN_DIRECT_OBJC_ISA_USAGE = YES_ERROR;
				CLANG_WARN_DOCUMENTATION_COMMENTS = YES;
				CLANG_WARN_EMPTY_BODY = YES;
				CLANG_WARN_ENUM_CONVERSION = YES;
				CLANG_WARN_INFINITE_RECURSION = YES;
				CLANG_WARN_INT_CONVERSION = YES;
				CLANG_WARN_NON_LITERAL_NULL_CONVERSION = YES;
				CLANG_WARN_OBJC_IMPLICIT_RETAIN_SELF = YES;
				CLANG_WARN_OBJC_LITERAL_CONVERSION = YES;
				CLANG_WARN_OBJC_ROOT_CLASS = YES_ERROR;
				CLANG_WARN_RANGE_LOOP_ANALYSIS = YES;
				CLANG_WARN_STRICT_PROTOTYPES = YES;
				CLANG_WARN_SUSPICIOUS_MOVE = YES;
				CLANG_WARN_UNGUARDED_AVAILABILITY = YES_AGGRESSIVE;
				CLANG_WARN_UNREACHABLE_CODE = YES;
				CLANG_WARN__DUPLICATE_METHOD_MATCH = YES;
				CODE_SIGN_IDENTITY = "-";
				COPY_PHASE_STRIP = NO;
				DEBUG_INFORMATION_FORMAT = dwarf;
				ENABLE_STRICT_OBJC_MSGSEND = YES;
				ENABLE_TESTABILITY = YES;
				GCC_C_LANGUAGE_STANDARD = gnu11;
				GCC_DYNAMIC_NO_PIC = NO;
				GCC_NO_COMMON_BLOCKS = YES;
				GCC_OPTIMIZATION_LEVEL = 0;
				GCC_PREPROCESSOR_DEFINITIONS = (
					"DEBUG=1",
					"$(inherited)",
				);
				GCC_WARN_64_TO_32_BIT_CONVERSION = YES;
				GCC_WARN_ABOUT_RETURN_TYPE = YES_ERROR;
				GCC_WARN_UNDECLARED_SELECTOR = YES;
				GCC_WARN_UNINITIALIZED_AUTOS = YES_AGGRESSIVE;
				GCC_WARN_UNUSED_FUNCTION = YES;
				GCC_WARN_UNUSED_VARIABLE = YES;
				MACOSX_DEPLOYMENT_TARGET = 10.13;
				MTL_ENABLE_DEBUG_INFO = YES;
				ONLY_ACTIVE_ARCH = YES;
				SDKROOT = macosx;
				SWIFT_ACTIVE_COMPILATION_CONDITIONS = DEBUG;
				SWIFT_OPTIMIZATION_LEVEL = "-Onone";
			};
			name = Debug;
		};
		2574E098213F64CE00D87F60 /* Release */ = {
			isa = XCBuildConfiguration;
			buildSettings = {
				ALWAYS_SEARCH_USER_PATHS = NO;
				CLANG_ANALYZER_NONNULL = YES;
				CLANG_ANALYZER_NUMBER_OBJECT_CONVERSION = YES_AGGRESSIVE;
				CLANG_CXX_LANGUAGE_STANDARD = "gnu++14";
				CLANG_CXX_LIBRARY = "libc++";
				CLANG_ENABLE_MODULES = YES;
				CLANG_ENABLE_OBJC_ARC = YES;
				CLANG_ENABLE_OBJC_WEAK = YES;
				CLANG_WARN_BLOCK_CAPTURE_AUTORELEASING = YES;
				CLANG_WARN_BOOL_CONVERSION = YES;
				CLANG_WARN_COMMA = YES;
				CLANG_WARN_CONSTANT_CONVERSION = YES;
				CLANG_WARN_DEPRECATED_OBJC_IMPLEMENTATIONS = YES;
				CLANG_WARN_DIRECT_OBJC_ISA_USAGE = YES_ERROR;
				CLANG_WARN_DOCUMENTATION_COMMENTS = YES;
				CLANG_WARN_EMPTY_BODY = YES;
				CLANG_WARN_ENUM_CONVERSION = YES;
				CLANG_WARN_INFINITE_RECURSION = YES;
				CLANG_WARN_INT_CONVERSION = YES;
				CLANG_WARN_NON_LITERAL_NULL_CONVERSION = YES;
				CLANG_WARN_OBJC_IMPLICIT_RETAIN_SELF = YES;
				CLANG_WARN_OBJC_LITERAL_CONVERSION = YES;
				CLANG_WARN_OBJC_ROOT_CLASS = YES_ERROR;
				CLANG_WARN_RANGE_LOOP_ANALYSIS = YES;
				CLANG_WARN_STRICT_PROTOTYPES = YES;
				CLANG_WARN_SUSPICIOUS_MOVE = YES;
				CLANG_WARN_UNGUARDED_AVAILABILITY = YES_AGGRESSIVE;
				CLANG_WARN_UNREACHABLE_CODE = YES;
				CLANG_WARN__DUPLICATE_METHOD_MATCH = YES;
				CODE_SIGN_IDENTITY = "-";
				COPY_PHASE_STRIP = NO;
				DEBUG_INFORMATION_FORMAT = "dwarf-with-dsym";
				ENABLE_NS_ASSERTIONS = NO;
				ENABLE_STRICT_OBJC_MSGSEND = YES;
				GCC_C_LANGUAGE_STANDARD = gnu11;
				GCC_NO_COMMON_BLOCKS = YES;
				GCC_WARN_64_TO_32_BIT_CONVERSION = YES;
				GCC_WARN_ABOUT_RETURN_TYPE = YES_ERROR;
				GCC_WARN_UNDECLARED_SELECTOR = YES;
				GCC_WARN_UNINITIALIZED_AUTOS = YES_AGGRESSIVE;
				GCC_WARN_UNUSED_FUNCTION = YES;
				GCC_WARN_UNUSED_VARIABLE = YES;
				MACOSX_DEPLOYMENT_TARGET = 10.13;
				MTL_ENABLE_DEBUG_INFO = NO;
				SDKROOT = macosx;
				SWIFT_COMPILATION_MODE = wholemodule;
				SWIFT_OPTIMIZATION_LEVEL = "-O";
			};
			name = Release;
		};
		2574E09A213F64CE00D87F60 /* Debug */ = {
			isa = XCBuildConfiguration;
			buildSettings = {
				ASSETCATALOG_COMPILER_APPICON_NAME = AppIcon;
				CODE_SIGN_ENTITLEMENTS = FractionCalculator/FractionCalculator.entitlements;
				CODE_SIGN_STYLE = Automatic;
				COMBINE_HIDPI_IMAGES = YES;
				INFOPLIST_FILE = FractionCalculator/Info.plist;
				LD_RUNPATH_SEARCH_PATHS = (
					"$(inherited)",
					"@executable_path/../Frameworks",
				);
				PRODUCT_BUNDLE_IDENTIFIER = cosc346.FractionCalculator;
				PRODUCT_NAME = "$(TARGET_NAME)";
				SWIFT_VERSION = 4.0;
			};
			name = Debug;
		};
		2574E09B213F64CE00D87F60 /* Release */ = {
			isa = XCBuildConfiguration;
			buildSettings = {
				ASSETCATALOG_COMPILER_APPICON_NAME = AppIcon;
				CODE_SIGN_ENTITLEMENTS = FractionCalculator/FractionCalculator.entitlements;
				CODE_SIGN_STYLE = Automatic;
				COMBINE_HIDPI_IMAGES = YES;
				INFOPLIST_FILE = FractionCalculator/Info.plist;
				LD_RUNPATH_SEARCH_PATHS = (
					"$(inherited)",
					"@executable_path/../Frameworks",
				);
				PRODUCT_BUNDLE_IDENTIFIER = cosc346.FractionCalculator;
				PRODUCT_NAME = "$(TARGET_NAME)";
				SWIFT_VERSION = 4.0;
			};
			name = Release;
		};
		2574E09D213F64CE00D87F60 /* Debug */ = {
			isa = XCBuildConfiguration;
			buildSettings = {
				ALWAYS_EMBED_SWIFT_STANDARD_LIBRARIES = YES;
				BUNDLE_LOADER = "$(TEST_HOST)";
				CODE_SIGN_STYLE = Automatic;
				COMBINE_HIDPI_IMAGES = YES;
				INFOPLIST_FILE = FractionCalculatorTests/Info.plist;
				LD_RUNPATH_SEARCH_PATHS = (
					"$(inherited)",
					"@executable_path/../Frameworks",
					"@loader_path/../Frameworks",
				);
				PRODUCT_BUNDLE_IDENTIFIER = cosc346.FractionCalculatorTests;
				PRODUCT_NAME = "$(TARGET_NAME)";
				SWIFT_VERSION = 4.0;
				TEST_HOST = "$(BUILT_PRODUCTS_DIR)/FractionCalculator.app/Contents/MacOS/FractionCalculator";
			};
			name = Debug;
		};
		2574E09E213F64CE00D87F60 /* Release */ = {
			isa = XCBuildConfiguration;
			buildSettings = {
				ALWAYS_EMBED_SWIFT_STANDARD_LIBRARIES = YES;
				BUNDLE_LOADER = "$(TEST_HOST)";
				CODE_SIGN_STYLE = Automatic;
				COMBINE_HIDPI_IMAGES = YES;
				INFOPLIST_FILE = FractionCalculatorTests/Info.plist;
				LD_RUNPATH_SEARCH_PATHS = (
					"$(inherited)",
					"@executable_path/../Frameworks",
					"@loader_path/../Frameworks",
				);
				PRODUCT_BUNDLE_IDENTIFIER = cosc346.FractionCalculatorTests;
				PRODUCT_NAME = "$(TARGET_NAME)";
				SWIFT_VERSION = 4.0;
				TEST_HOST = "$(BUILT_PRODUCTS_DIR)/FractionCalculator.app/Contents/MacOS/FractionCalculator";
			};
			name = Release;
		};
		2574E0A0213F64CE00D87F60 /* Debug */ = {
			isa = XCBuildConfiguration;
			buildSettings = {
				ALWAYS_EMBED_SWIFT_STANDARD_LIBRARIES = YES;
				CODE_SIGN_STYLE = Automatic;
				COMBINE_HIDPI_IMAGES = YES;
				INFOPLIST_FILE = FractionCalculatorUITests/Info.plist;
				LD_RUNPATH_SEARCH_PATHS = (
					"$(inherited)",
					"@executable_path/../Frameworks",
					"@loader_path/../Frameworks",
				);
				PRODUCT_BUNDLE_IDENTIFIER = cosc346.FractionCalculatorUITests;
				PRODUCT_NAME = "$(TARGET_NAME)";
				SWIFT_VERSION = 4.0;
				TEST_TARGET_NAME = FractionCalculator;
			};
			name = Debug;
		};
		2574E0A1213F64CE00D87F60 /* Release */ = {
			isa = XCBuildConfiguration;
			buildSettings = {
				ALWAYS_EMBED_SWIFT_STANDARD_LIBRARIES = YES;
				CODE_SIGN_STYLE = Automatic;
				COMBINE_HIDPI_IMAGES = YES;
				INFOPLIST_FILE = FractionCalculatorUITests/Info.plist;
				LD_RUNPATH_SEARCH_PATHS = (
					"$(inherited)",
					"@executable_path/../Frameworks",
					"@loader_path/../Frameworks",
				);
				PRODUCT_BUNDLE_IDENTIFIER = cosc346.FractionCalculatorUITests;
				PRODUCT_NAME = "$(TARGET_NAME)";
				SWIFT_VERSION = 4.0;
				TEST_TARGET_NAME = FractionCalculator;
			};
			name = Release;
		};
/* End XCBuildConfiguration section */

/* Begin XCConfigurationList section */
		2574E070213F64CD00D87F60 /* Build configuration list for PBXProject "FractionCalculator" */ = {
			isa = XCConfigurationList;
			buildConfigurations = (
				2574E097213F64CE00D87F60 /* Debug */,
				2574E098213F64CE00D87F60 /* Release */,
			);
			defaultConfigurationIsVisible = 0;
			defaultConfigurationName = Release;
		};
		2574E099213F64CE00D87F60 /* Build configuration list for PBXNativeTarget "FractionCalculator" */ = {
			isa = XCConfigurationList;
			buildConfigurations = (
				2574E09A213F64CE00D87F60 /* Debug */,
				2574E09B213F64CE00D87F60 /* Release */,
			);
			defaultConfigurationIsVisible = 0;
			defaultConfigurationName = Release;
		};
		2574E09C213F64CE00D87F60 /* Build configuration list for PBXNativeTarget "FractionCalculatorTests" */ = {
			isa = XCConfigurationList;
			buildConfigurations = (
				2574E09D213F64CE00D87F60 /* Debug */,
				2574E09E213F64CE00D87F60 /* Release */,
			);
			defaultConfigurationIsVisible = 0;
			defaultConfigurationName = Release;
		};
		2574E09F213F64CE00D87F60 /* Build configuration list for PBXNativeTarget "FractionCalculatorUITests" */ = {
			isa = XCConfigurationList;
			buildConfigurations = (
				2574E0A0213F64CE00D87F60 /* Debug */,
				2574E0A1213F64CE00D87F60 /* Release */,
			);
			defaultConfigurationIsVisible = 0;
			defaultConfigurationName = Release;
		};
/* End XCConfigurationList section */
	};
	rootObject = 2574E06D213F64CD00D87F60 /* Project object */;
}
